// !$*UTF8*$!
{
	archiveVersion = 1;
	classes = {
	};
	objectVersion = 56;
	objects = {

/* Begin PBXBuildFile section */
		E94064B82C40BDD600AF11DC /* main.cpp in Sources */ = {isa = PBXBuildFile; fileRef = E94064B72C40BDD600AF11DC /* main.cpp */; };
		E94064C22C40C71200AF11DC /* student.cpp in Sources */ = {isa = PBXBuildFile; fileRef = E94064C02C40C71200AF11DC /* student.cpp */; };
		E94064C52C40C7A700AF11DC /* roster.cpp in Sources */ = {isa = PBXBuildFile; fileRef = E94064C32C40C7A700AF11DC /* roster.cpp */; };
/* End PBXBuildFile section */

/* Begin PBXCopyFilesBuildPhase section */
		E94064B22C40BDD600AF11DC /* CopyFiles */ = {
			isa = PBXCopyFilesBuildPhase;
			buildActionMask = 2147483647;
			dstPath = /usr/share/man/man1/;
			dstSubfolderSpec = 0;
			files = (
			);
			runOnlyForDeploymentPostprocessing = 1;
		};
/* End PBXCopyFilesBuildPhase section */

/* Begin PBXFileReference section */
		E94064B42C40BDD600AF11DC /* jram878-Class-Roster */ = {isa = PBXFileReference; explicitFileType = "compiled.mach-o.executable"; includeInIndex = 0; path = "jram878-Class-Roster"; sourceTree = BUILT_PRODUCTS_DIR; };
		E94064B72C40BDD600AF11DC /* main.cpp */ = {isa = PBXFileReference; lastKnownFileType = sourcecode.cpp.cpp; path = main.cpp; sourceTree = "<group>"; };
		E94064BE2C40C68A00AF11DC /* degree.hpp */ = {isa = PBXFileReference; lastKnownFileType = sourcecode.cpp.h; path = degree.hpp; sourceTree = "<group>"; };
		E94064C02C40C71200AF11DC /* student.cpp */ = {isa = PBXFileReference; lastKnownFileType = sourcecode.cpp.cpp; path = student.cpp; sourceTree = "<group>"; };
		E94064C12C40C71200AF11DC /* student.hpp */ = {isa = PBXFileReference; lastKnownFileType = sourcecode.cpp.h; path = student.hpp; sourceTree = "<group>"; };
		E94064C32C40C7A700AF11DC /* roster.cpp */ = {isa = PBXFileReference; lastKnownFileType = sourcecode.cpp.cpp; path = roster.cpp; sourceTree = "<group>"; };
		E94064C42C40C7A700AF11DC /* roster.hpp */ = {isa = PBXFileReference; lastKnownFileType = sourcecode.cpp.h; path = roster.hpp; sourceTree = "<group>"; };
/* End PBXFileReference section */

/* Begin PBXFrameworksBuildPhase section */
		E94064B12C40BDD600AF11DC /* Frameworks */ = {
			isa = PBXFrameworksBuildPhase;
			buildActionMask = 2147483647;
			files = (
			);
			runOnlyForDeploymentPostprocessing = 0;
		};
/* End PBXFrameworksBuildPhase section */

/* Begin PBXGroup section */
		E94064AB2C40BDD600AF11DC = {
			isa = PBXGroup;
			children = (
				E94064B62C40BDD600AF11DC /* jram878-Class-Roster */,
				E94064B52C40BDD600AF11DC /* Products */,
			);
			sourceTree = "<group>";
		};
		E94064B52C40BDD600AF11DC /* Products */ = {
			isa = PBXGroup;
			children = (
				E94064B42C40BDD600AF11DC /* jram878-Class-Roster */,
			);
			name = Products;
			sourceTree = "<group>";
		};
		E94064B62C40BDD600AF11DC /* jram878-Class-Roster */ = {
			isa = PBXGroup;
			children = (
				E9CC2F6E2C715A0C0021F149 /* source-files */,
				E9CC2F6D2C71596D0021F149 /* header-files */,
			);
			path = "jram878-Class-Roster";
			sourceTree = "<group>";
		};
		E9CC2F6D2C71596D0021F149 /* header-files */ = {
			isa = PBXGroup;
			children = (
				E94064BE2C40C68A00AF11DC /* degree.hpp */,
				E94064C12C40C71200AF11DC /* student.hpp */,
				E94064C42C40C7A700AF11DC /* roster.hpp */,
			);
			path = "header-files";
			sourceTree = "<group>";
		};
		E9CC2F6E2C715A0C0021F149 /* source-files */ = {
			isa = PBXGroup;
			children = (
				E94064B72C40BDD600AF11DC /* main.cpp */,
				E94064C02C40C71200AF11DC /* student.cpp */,
				E94064C32C40C7A700AF11DC /* roster.cpp */,
			);
			path = "source-files";
			sourceTree = "<group>";
		};
/* End PBXGroup section */

/* Begin PBXNativeTarget section */
		E94064B32C40BDD600AF11DC /* jram878-Class-Roster */ = {
			isa = PBXNativeTarget;
			buildConfigurationList = E94064BB2C40BDD600AF11DC /* Build configuration list for PBXNativeTarget "jram878-Class-Roster" */;
			buildPhases = (
				E94064B02C40BDD600AF11DC /* Sources */,
				E94064B12C40BDD600AF11DC /* Frameworks */,
				E94064B22C40BDD600AF11DC /* CopyFiles */,
			);
			buildRules = (
			);
			dependencies = (
			);
			name = "jram878-Class-Roster";
			productName = "jram878-Class-Roster";
			productReference = E94064B42C40BDD600AF11DC /* jram878-Class-Roster */;
			productType = "com.apple.product-type.tool";
		};
/* End PBXNativeTarget section */

/* Begin PBXProject section */
		E94064AC2C40BDD600AF11DC /* Project object */ = {
			isa = PBXProject;
			attributes = {
				BuildIndependentTargetsInParallel = 1;
				LastUpgradeCheck = 1540;
				TargetAttributes = {
					E94064B32C40BDD600AF11DC = {
						CreatedOnToolsVersion = 15.4;
					};
				};
			};
			buildConfigurationList = E94064AF2C40BDD600AF11DC /* Build configuration list for PBXProject "jram878-class-roster" */;
			compatibilityVersion = "Xcode 14.0";
			developmentRegion = en;
			hasScannedForEncodings = 0;
			knownRegions = (
				en,
				Base,
			);
			mainGroup = E94064AB2C40BDD600AF11DC;
			productRefGroup = E94064B52C40BDD600AF11DC /* Products */;
			projectDirPath = "";
			projectRoot = "";
			targets = (
				E94064B32C40BDD600AF11DC /* jram878-Class-Roster */,
			);
		};
/* End PBXProject section */

/* Begin PBXSourcesBuildPhase section */
		E94064B02C40BDD600AF11DC /* Sources */ = {
			isa = PBXSourcesBuildPhase;
			buildActionMask = 2147483647;
			files = (
				E94064B82C40BDD600AF11DC /* main.cpp in Sources */,
				E94064C52C40C7A700AF11DC /* roster.cpp in Sources */,
				E94064C22C40C71200AF11DC /* student.cpp in Sources */,
			);
			runOnlyForDeploymentPostprocessing = 0;
		};
/* End PBXSourcesBuildPhase section */

/* Begin XCBuildConfiguration section */
		E94064B92C40BDD600AF11DC /* Debug */ = {
			isa = XCBuildConfiguration;
			buildSettings = {
				ALWAYS_SEARCH_USER_PATHS = NO;
				ASSETCATALOG_COMPILER_GENERATE_SWIFT_ASSET_SYMBOL_EXTENSIONS = YES;
				CLANG_ANALYZER_NONNULL = YES;
				CLANG_ANALYZER_NUMBER_OBJECT_CONVERSION = YES_AGGRESSIVE;
				CLANG_CXX_LANGUAGE_STANDARD = "gnu++20";
				CLANG_ENABLE_MODULES = YES;
				CLANG_ENABLE_OBJC_ARC = YES;
				CLANG_ENABLE_OBJC_WEAK = YES;
				CLANG_WARN_BLOCK_CAPTURE_AUTORELEASING = YES;
				CLANG_WARN_BOOL_CONVERSION = YES;
				CLANG_WARN_COMMA = YES;
				CLANG_WARN_CONSTANT_CONVERSION = YES;
				CLANG_WARN_DEPRECATED_OBJC_IMPLEMENTATIONS = YES;
				CLANG_WARN_DIRECT_OBJC_ISA_USAGE = YES_ERROR;
				CLANG_WARN_DOCUMENTATION_COMMENTS = YES;
				CLANG_WARN_EMPTY_BODY = YES;
				CLANG_WARN_ENUM_CONVERSION = YES;
				CLANG_WARN_INFINITE_RECURSION = YES;
				CLANG_WARN_INT_CONVERSION = YES;
				CLANG_WARN_NON_LITERAL_NULL_CONVERSION = YES;
				CLANG_WARN_OBJC_IMPLICIT_RETAIN_SELF = YES;
				CLANG_WARN_OBJC_LITERAL_CONVERSION = YES;
				CLANG_WARN_OBJC_ROOT_CLASS = YES_ERROR;
				CLANG_WARN_QUOTED_INCLUDE_IN_FRAMEWORK_HEADER = YES;
				CLANG_WARN_RANGE_LOOP_ANALYSIS = YES;
				CLANG_WARN_STRICT_PROTOTYPES = YES;
				CLANG_WARN_SUSPICIOUS_MOVE = YES;
				CLANG_WARN_UNGUARDED_AVAILABILITY = YES_AGGRESSIVE;
				CLANG_WARN_UNREACHABLE_CODE = YES;
				CLANG_WARN__DUPLICATE_METHOD_MATCH = YES;
				COPY_PHASE_STRIP = NO;
				DEBUG_INFORMATION_FORMAT = dwarf;
				ENABLE_STRICT_OBJC_MSGSEND = YES;
				ENABLE_TESTABILITY = YES;
				ENABLE_USER_SCRIPT_SANDBOXING = YES;
				GCC_C_LANGUAGE_STANDARD = gnu17;
				GCC_DYNAMIC_NO_PIC = NO;
				GCC_NO_COMMON_BLOCKS = YES;
				GCC_OPTIMIZATION_LEVEL = 0;
				GCC_PREPROCESSOR_DEFINITIONS = (
					"DEBUG=1",
					"$(inherited)",
				);
				GCC_WARN_64_TO_32_BIT_CONVERSION = YES;
				GCC_WARN_ABOUT_RETURN_TYPE = YES_ERROR;
				GCC_WARN_UNDECLARED_SELECTOR = YES;
				GCC_WARN_UNINITIALIZED_AUTOS = YES_AGGRESSIVE;
				GCC_WARN_UNUSED_FUNCTION = YES;
				GCC_WARN_UNUSED_VARIABLE = YES;
				LOCALIZATION_PREFERS_STRING_CATALOGS = YES;
				MACOSX_DEPLOYMENT_TARGET = 14.5;
				MTL_ENABLE_DEBUG_INFO = INCLUDE_SOURCE;
				MTL_FAST_MATH = YES;
				ONLY_ACTIVE_ARCH = YES;
				SDKROOT = macosx;
			};
			name = Debug;
		};
		E94064BA2C40BDD600AF11DC /* Release */ = {
			isa = XCBuildConfiguration;
			buildSettings = {
				ALWAYS_SEARCH_USER_PATHS = NO;
				ASSETCATALOG_COMPILER_GENERATE_SWIFT_ASSET_SYMBOL_EXTENSIONS = YES;
				CLANG_ANALYZER_NONNULL = YES;
				CLANG_ANALYZER_NUMBER_OBJECT_CONVERSION = YES_AGGRESSIVE;
				CLANG_CXX_LANGUAGE_STANDARD = "gnu++20";
				CLANG_ENABLE_MODULES = YES;
				CLANG_ENABLE_OBJC_ARC = YES;
				CLANG_ENABLE_OBJC_WEAK = YES;
				CLANG_WARN_BLOCK_CAPTURE_AUTORELEASING = YES;
				CLANG_WARN_BOOL_CONVERSION = YES;
				CLANG_WARN_COMMA = YES;
				CLANG_WARN_CONSTANT_CONVERSION = YES;
				CLANG_WARN_DEPRECATED_OBJC_IMPLEMENTATIONS = YES;
				CLANG_WARN_DIRECT_OBJC_ISA_USAGE = YES_ERROR;
				CLANG_WARN_DOCUMENTATION_COMMENTS = YES;
				CLANG_WARN_EMPTY_BODY = YES;
				CLANG_WARN_ENUM_CONVERSION = YES;
				CLANG_WARN_INFINITE_RECURSION = YES;
				CLANG_WARN_INT_CONVERSION = YES;
				CLANG_WARN_NON_LITERAL_NULL_CONVERSION = YES;
				CLANG_WARN_OBJC_IMPLICIT_RETAIN_SELF = YES;
				CLANG_WARN_OBJC_LITERAL_CONVERSION = YES;
				CLANG_WARN_OBJC_ROOT_CLASS = YES_ERROR;
				CLANG_WARN_QUOTED_INCLUDE_IN_FRAMEWORK_HEADER = YES;
				CLANG_WARN_RANGE_LOOP_ANALYSIS = YES;
				CLANG_WARN_STRICT_PROTOTYPES = YES;
				CLANG_WARN_SUSPICIOUS_MOVE = YES;
				CLANG_WARN_UNGUARDED_AVAILABILITY = YES_AGGRESSIVE;
				CLANG_WARN_UNREACHABLE_CODE = YES;
				CLANG_WARN__DUPLICATE_METHOD_MATCH = YES;
				COPY_PHASE_STRIP = NO;
				DEBUG_INFORMATION_FORMAT = "dwarf-with-dsym";
				ENABLE_NS_ASSERTIONS = NO;
				ENABLE_STRICT_OBJC_MSGSEND = YES;
				ENABLE_USER_SCRIPT_SANDBOXING = YES;
				GCC_C_LANGUAGE_STANDARD = gnu17;
				GCC_NO_COMMON_BLOCKS = YES;
				GCC_WARN_64_TO_32_BIT_CONVERSION = YES;
				GCC_WARN_ABOUT_RETURN_TYPE = YES_ERROR;
				GCC_WARN_UNDECLARED_SELECTOR = YES;
				GCC_WARN_UNINITIALIZED_AUTOS = YES_AGGRESSIVE;
				GCC_WARN_UNUSED_FUNCTION = YES;
				GCC_WARN_UNUSED_VARIABLE = YES;
				LOCALIZATION_PREFERS_STRING_CATALOGS = YES;
				MACOSX_DEPLOYMENT_TARGET = 14.5;
				MTL_ENABLE_DEBUG_INFO = NO;
				MTL_FAST_MATH = YES;
				SDKROOT = macosx;
			};
			name = Release;
		};
		E94064BC2C40BDD600AF11DC /* Debug */ = {
			isa = XCBuildConfiguration;
			buildSettings = {
				CODE_SIGN_STYLE = Automatic;
				PRODUCT_NAME = "$(TARGET_NAME)";
			};
			name = Debug;
		};
		E94064BD2C40BDD600AF11DC /* Release */ = {
			isa = XCBuildConfiguration;
			buildSettings = {
				CODE_SIGN_STYLE = Automatic;
				PRODUCT_NAME = "$(TARGET_NAME)";
			};
			name = Release;
		};
/* End XCBuildConfiguration section */

/* Begin XCConfigurationList section */
		E94064AF2C40BDD600AF11DC /* Build configuration list for PBXProject "jram878-class-roster" */ = {
			isa = XCConfigurationList;
			buildConfigurations = (
				E94064B92C40BDD600AF11DC /* Debug */,
				E94064BA2C40BDD600AF11DC /* Release */,
			);
			defaultConfigurationIsVisible = 0;
			defaultConfigurationName = Release;
		};
		E94064BB2C40BDD600AF11DC /* Build configuration list for PBXNativeTarget "jram878-Class-Roster" */ = {
			isa = XCConfigurationList;
			buildConfigurations = (
				E94064BC2C40BDD600AF11DC /* Debug */,
				E94064BD2C40BDD600AF11DC /* Release */,
			);
			defaultConfigurationIsVisible = 0;
			defaultConfigurationName = Release;
		};
/* End XCConfigurationList section */
	};
	rootObject = E94064AC2C40BDD600AF11DC /* Project object */;
}
